
Microsoft Visual Studio Solution File, Format Version 12.00
# Visual Studio Version 16
VisualStudioVersion = 16.0.31129.286
MinimumVisualStudioVersion = 10.0.40219.1
Project("{9A19103F-16F7-4668-BE54-9A1E7A4F7556}") = "GeniusAssessmentDscottConsole", "GeniusAssessmentDscott\GeniusAssessmentDscottConsole.csproj", "{0B3F9BD4-4EE5-4FBB-B0FA-E656FA591034}"
EndProject
Project("{9A19103F-16F7-4668-BE54-9A1E7A4F7556}") = "GeniusAssessment.Test", "GeniusAssessment.Test\GeniusAssessment.Test.csproj", "{115FC599-318A-4089-A12F-FDCD5B4CB687}"
EndProject
Project("{FAE04EC0-301F-11D3-BF4B-00C04F79EFBC}") = "GeniusAssessmentDscott.Core", "GeniusAssessmentDscott.Core\GeniusAssessmentDscott.Core.csproj", "{522BDC44-9DF1-4D2D-902A-BC490998842D}"
EndProject
Project("{FAE04EC0-301F-11D3-BF4B-00C04F79EFBC}") = "GeniusAssessmentDscott.Data", "GeniusAssessmentDscott.Data\GeniusAssessmentDscott.Data.csproj", "{568A2FCE-9125-4C54-A692-B98BF2214C27}"
EndProject
Project("{FAE04EC0-301F-11D3-BF4B-00C04F79EFBC}") = "GeniusAssessmentDscott.WPF-UI", "GeniusAssessmentDscott.WPF-UI\GeniusAssessmentDscott.WPF-UI.csproj", "{1E106836-3B80-4E04-9430-635603DB66C3}"
EndProject
Global
	GlobalSection(SolutionConfigurationPlatforms) = preSolution
		Debug|Any CPU = Debug|Any CPU
		Release|Any CPU = Release|Any CPU
	EndGlobalSection
	GlobalSection(ProjectConfigurationPlatforms) = postSolution
		{0B3F9BD4-4EE5-4FBB-B0FA-E656FA591034}.Debug|Any CPU.ActiveCfg = Debug|Any CPU
		{0B3F9BD4-4EE5-4FBB-B0FA-E656FA591034}.Debug|Any CPU.Build.0 = Debug|Any CPU
		{0B3F9BD4-4EE5-4FBB-B0FA-E656FA591034}.Release|Any CPU.ActiveCfg = Release|Any CPU
		{0B3F9BD4-4EE5-4FBB-B0FA-E656FA591034}.Release|Any CPU.Build.0 = Release|Any CPU
		{115FC599-318A-4089-A12F-FDCD5B4CB687}.Debug|Any CPU.ActiveCfg = Debug|Any CPU
		{115FC599-318A-4089-A12F-FDCD5B4CB687}.Debug|Any CPU.Build.0 = Debug|Any CPU
		{115FC599-318A-4089-A12F-FDCD5B4CB687}.Release|Any CPU.ActiveCfg = Release|Any CPU
		{115FC599-318A-4089-A12F-FDCD5B4CB687}.Release|Any CPU.Build.0 = Release|Any CPU
		{522BDC44-9DF1-4D2D-902A-BC490998842D}.Debug|Any CPU.ActiveCfg = Debug|Any CPU
		{522BDC44-9DF1-4D2D-902A-BC490998842D}.Debug|Any CPU.Build.0 = Debug|Any CPU
		{522BDC44-9DF1-4D2D-902A-BC490998842D}.Release|Any CPU.ActiveCfg = Release|Any CPU
		{522BDC44-9DF1-4D2D-902A-BC490998842D}.Release|Any CPU.Build.0 = Release|Any CPU
		{568A2FCE-9125-4C54-A692-B98BF2214C27}.Debug|Any CPU.ActiveCfg = Debug|Any CPU
		{568A2FCE-9125-4C54-A692-B98BF2214C27}.Debug|Any CPU.Build.0 = Debug|Any CPU
		{568A2FCE-9125-4C54-A692-B98BF2214C27}.Release|Any CPU.ActiveCfg = Release|Any CPU
		{568A2FCE-9125-4C54-A692-B98BF2214C27}.Release|Any CPU.Build.0 = Release|Any CPU
		{1E106836-3B80-4E04-9430-635603DB66C3}.Debug|Any CPU.ActiveCfg = Debug|Any CPU
		{1E106836-3B80-4E04-9430-635603DB66C3}.Debug|Any CPU.Build.0 = Debug|Any CPU
		{1E106836-3B80-4E04-9430-635603DB66C3}.Release|Any CPU.ActiveCfg = Release|Any CPU
		{1E106836-3B80-4E04-9430-635603DB66C3}.Release|Any CPU.Build.0 = Release|Any CPU
	EndGlobalSection
	GlobalSection(SolutionProperties) = preSolution
		HideSolutionNode = FALSE
	EndGlobalSection
	GlobalSection(ExtensibilityGlobals) = postSolution
		SolutionGuid = {5B2C1E66-BA5C-4444-8F1B-AF18347CBB02}
	EndGlobalSection
EndGlobal
